
Microsoft Visual Studio Solution File, Format Version 12.00
# Visual Studio Version 16
VisualStudioVersion = 16.0.30309.148
MinimumVisualStudioVersion = 10.0.40219.1
Project("{8BC9CEB8-8B4A-11D0-8D11-00A0C91BC942}") = "life_in_dark", "life_in_dark.vcxproj", "{70B1F943-28ED-4994-AA7E-5A9B5959A1DF}"
EndProject
Project("{8BC9CEB8-8B4A-11D0-8D11-00A0C91BC942}") = "ConsoleApplication2", "..\ConsoleApplication2\ConsoleApplication2.vcxproj", "{B8E30E04-6830-423B-A265-43B6EB4F350F}"
EndProject
Global
	GlobalSection(SolutionConfigurationPlatforms) = preSolution
		Debug|x64 = Debug|x64
		Debug|x86 = Debug|x86
		Release|x64 = Release|x64
		Release|x86 = Release|x86
	EndGlobalSection
	GlobalSection(ProjectConfigurationPlatforms) = postSolution
		{70B1F943-28ED-4994-AA7E-5A9B5959A1DF}.Debug|x64.ActiveCfg = Debug|x64
		{70B1F943-28ED-4994-AA7E-5A9B5959A1DF}.Debug|x64.Build.0 = Debug|x64
		{70B1F943-28ED-4994-AA7E-5A9B5959A1DF}.Debug|x86.ActiveCfg = Debug|Win32
		{70B1F943-28ED-4994-AA7E-5A9B5959A1DF}.Debug|x86.Build.0 = Debug|Win32
		{70B1F943-28ED-4994-AA7E-5A9B5959A1DF}.Release|x64.ActiveCfg = Release|x64
		{70B1F943-28ED-4994-AA7E-5A9B5959A1DF}.Release|x64.Build.0 = Release|x64
		{70B1F943-28ED-4994-AA7E-5A9B5959A1DF}.Release|x86.ActiveCfg = Release|Win32
		{70B1F943-28ED-4994-AA7E-5A9B5959A1DF}.Release|x86.Build.0 = Release|Win32
		{B8E30E04-6830-423B-A265-43B6EB4F350F}.Debug|x64.ActiveCfg = Debug|x64
		{B8E30E04-6830-423B-A265-43B6EB4F350F}.Debug|x64.Build.0 = Debug|x64
		{B8E30E04-6830-423B-A265-43B6EB4F350F}.Debug|x86.ActiveCfg = Debug|Win32
		{B8E30E04-6830-423B-A265-43B6EB4F350F}.Debug|x86.Build.0 = Debug|Win32
		{B8E30E04-6830-423B-A265-43B6EB4F350F}.Release|x64.ActiveCfg = Release|x64
		{B8E30E04-6830-423B-A265-43B6EB4F350F}.Release|x64.Build.0 = Release|x64
		{B8E30E04-6830-423B-A265-43B6EB4F350F}.Release|x86.ActiveCfg = Release|Win32
		{B8E30E04-6830-423B-A265-43B6EB4F350F}.Release|x86.Build.0 = Release|Win32
	EndGlobalSection
	GlobalSection(SolutionProperties) = preSolution
		HideSolutionNode = FALSE
	EndGlobalSection
	GlobalSection(ExtensibilityGlobals) = postSolution
		SolutionGuid = {51C16BC8-681A-4E11-BB48-6049A3DDCCAD}
	EndGlobalSection
EndGlobal
